
Microsoft Visual Studio Solution File, Format Version 12.00
# Visual Studio 15
VisualStudioVersion = 15.0.27130.2036
MinimumVisualStudioVersion = 10.0.40219.1
Project("{FAE04EC0-301F-11D3-BF4B-00C04F79EFBC}") = "Demo_MongoDB.FlintstonesViewer.Console", "Demo_MongoDB.FlintstonesViewer.Console\Demo_MongoDB.FlintstonesViewer.Console.csproj", "{E5DA498E-39BF-4B07-AAD6-F03835E2D0AF}"
EndProject
Global
	GlobalSection(SolutionConfigurationPlatforms) = preSolution
		Debug|Any CPU = Debug|Any CPU
		Release|Any CPU = Release|Any CPU
	EndGlobalSection
	GlobalSection(ProjectConfigurationPlatforms) = postSolution
		{E5DA498E-39BF-4B07-AAD6-F03835E2D0AF}.Debug|Any CPU.ActiveCfg = Debug|Any CPU
		{E5DA498E-39BF-4B07-AAD6-F03835E2D0AF}.Debug|Any CPU.Build.0 = Debug|Any CPU
		{E5DA498E-39BF-4B07-AAD6-F03835E2D0AF}.Release|Any CPU.ActiveCfg = Release|Any CPU
		{E5DA498E-39BF-4B07-AAD6-F03835E2D0AF}.Release|Any CPU.Build.0 = Release|Any CPU
	EndGlobalSection
	GlobalSection(SolutionProperties) = preSolution
		HideSolutionNode = FALSE
	EndGlobalSection
	GlobalSection(ExtensibilityGlobals) = postSolution
		SolutionGuid = {1AFB2490-3488-4916-B86D-DDAF28A15528}
	EndGlobalSection
EndGlobal
